// !$*UTF8*$!
{
	archiveVersion = 1;
	classes = {
	};
	objectVersion = 55;
	objects = {

/* Begin PBXBuildFile section */
		047587CD28DD7E76002295DF /* AppDelegate.swift in Sources */ = {isa = PBXBuildFile; fileRef = 047587CC28DD7E76002295DF /* AppDelegate.swift */; };
		047587CF28DD7E76002295DF /* SceneDelegate.swift in Sources */ = {isa = PBXBuildFile; fileRef = 047587CE28DD7E76002295DF /* SceneDelegate.swift */; };
		047587D428DD7E76002295DF /* Main.storyboard in Resources */ = {isa = PBXBuildFile; fileRef = 047587D228DD7E76002295DF /* Main.storyboard */; };
		047587D628DD7E77002295DF /* Assets.xcassets in Resources */ = {isa = PBXBuildFile; fileRef = 047587D528DD7E77002295DF /* Assets.xcassets */; };
		047587D928DD7E77002295DF /* LaunchScreen.storyboard in Resources */ = {isa = PBXBuildFile; fileRef = 047587D728DD7E77002295DF /* LaunchScreen.storyboard */; };
		047587E328DD802B002295DF /* MainCollectionVC.swift in Sources */ = {isa = PBXBuildFile; fileRef = 047587E228DD802B002295DF /* MainCollectionVC.swift */; };
		047587E628DD821F002295DF /* AnimeModel.swift in Sources */ = {isa = PBXBuildFile; fileRef = 047587E528DD821F002295DF /* AnimeModel.swift */; };
		047587E828DD8286002295DF /* NetworkManager.swift in Sources */ = {isa = PBXBuildFile; fileRef = 047587E728DD8286002295DF /* NetworkManager.swift */; };
		047587EA28DD8307002295DF /* ListAnimeTableVC.swift in Sources */ = {isa = PBXBuildFile; fileRef = 047587E928DD8307002295DF /* ListAnimeTableVC.swift */; };
		047587F128DD88EA002295DF /* MainFirstCell.swift in Sources */ = {isa = PBXBuildFile; fileRef = 047587F028DD88EA002295DF /* MainFirstCell.swift */; };
		047587F328E0343B002295DF /* GhibliModel.swift in Sources */ = {isa = PBXBuildFile; fileRef = 047587F228E0343B002295DF /* GhibliModel.swift */; };
		047587F528E04271002295DF /* ImagesCollectionVC.swift in Sources */ = {isa = PBXBuildFile; fileRef = 047587F428E04271002295DF /* ImagesCollectionVC.swift */; };
		047587F728E04FC7002295DF /* ImageVC.swift in Sources */ = {isa = PBXBuildFile; fileRef = 047587F628E04FC7002295DF /* ImageVC.swift */; };
		047587F928E0B8C6002295DF /* AnimeListTVCell.swift in Sources */ = {isa = PBXBuildFile; fileRef = 047587F828E0B8C6002295DF /* AnimeListTVCell.swift */; };
		047587FB28E18827002295DF /* ImageCollectionViewCell.swift in Sources */ = {isa = PBXBuildFile; fileRef = 047587FA28E18827002295DF /* ImageCollectionViewCell.swift */; };
		04B6951E28E46A5700F0EFBF /* DetailsViewController.swift in Sources */ = {isa = PBXBuildFile; fileRef = 04B6951D28E46A5700F0EFBF /* DetailsViewController.swift */; };
/* End PBXBuildFile section */

/* Begin PBXFileReference section */
		047587C928DD7E76002295DF /* CollectionView.app */ = {isa = PBXFileReference; explicitFileType = wrapper.application; includeInIndex = 0; path = CollectionView.app; sourceTree = BUILT_PRODUCTS_DIR; };
		047587CC28DD7E76002295DF /* AppDelegate.swift */ = {isa = PBXFileReference; lastKnownFileType = sourcecode.swift; path = AppDelegate.swift; sourceTree = "<group>"; };
		047587CE28DD7E76002295DF /* SceneDelegate.swift */ = {isa = PBXFileReference; lastKnownFileType = sourcecode.swift; path = SceneDelegate.swift; sourceTree = "<group>"; };
		047587D328DD7E76002295DF /* Base */ = {isa = PBXFileReference; lastKnownFileType = file.storyboard; name = Base; path = Base.lproj/Main.storyboard; sourceTree = "<group>"; };
		047587D528DD7E77002295DF /* Assets.xcassets */ = {isa = PBXFileReference; lastKnownFileType = folder.assetcatalog; path = Assets.xcassets; sourceTree = "<group>"; };
		047587D828DD7E77002295DF /* Base */ = {isa = PBXFileReference; lastKnownFileType = file.storyboard; name = Base; path = Base.lproj/LaunchScreen.storyboard; sourceTree = "<group>"; };
		047587DA28DD7E77002295DF /* Info.plist */ = {isa = PBXFileReference; lastKnownFileType = text.plist.xml; path = Info.plist; sourceTree = "<group>"; };
		047587E228DD802B002295DF /* MainCollectionVC.swift */ = {isa = PBXFileReference; lastKnownFileType = sourcecode.swift; path = MainCollectionVC.swift; sourceTree = "<group>"; };
		047587E528DD821F002295DF /* AnimeModel.swift */ = {isa = PBXFileReference; lastKnownFileType = sourcecode.swift; path = AnimeModel.swift; sourceTree = "<group>"; };
		047587E728DD8286002295DF /* NetworkManager.swift */ = {isa = PBXFileReference; lastKnownFileType = sourcecode.swift; path = NetworkManager.swift; sourceTree = "<group>"; };
		047587E928DD8307002295DF /* ListAnimeTableVC.swift */ = {isa = PBXFileReference; lastKnownFileType = sourcecode.swift; path = ListAnimeTableVC.swift; sourceTree = "<group>"; };
		047587F028DD88EA002295DF /* MainFirstCell.swift */ = {isa = PBXFileReference; lastKnownFileType = sourcecode.swift; path = MainFirstCell.swift; sourceTree = "<group>"; };
		047587F228E0343B002295DF /* GhibliModel.swift */ = {isa = PBXFileReference; lastKnownFileType = sourcecode.swift; path = GhibliModel.swift; sourceTree = "<group>"; };
		047587F428E04271002295DF /* ImagesCollectionVC.swift */ = {isa = PBXFileReference; lastKnownFileType = sourcecode.swift; path = ImagesCollectionVC.swift; sourceTree = "<group>"; };
		047587F628E04FC7002295DF /* ImageVC.swift */ = {isa = PBXFileReference; lastKnownFileType = sourcecode.swift; path = ImageVC.swift; sourceTree = "<group>"; };
		047587F828E0B8C6002295DF /* AnimeListTVCell.swift */ = {isa = PBXFileReference; lastKnownFileType = sourcecode.swift; path = AnimeListTVCell.swift; sourceTree = "<group>"; };
		047587FA28E18827002295DF /* ImageCollectionViewCell.swift */ = {isa = PBXFileReference; lastKnownFileType = sourcecode.swift; path = ImageCollectionViewCell.swift; sourceTree = "<group>"; };
		04B6951D28E46A5700F0EFBF /* DetailsViewController.swift */ = {isa = PBXFileReference; lastKnownFileType = sourcecode.swift; path = DetailsViewController.swift; sourceTree = "<group>"; };
/* End PBXFileReference section */

/* Begin PBXFrameworksBuildPhase section */
		047587C628DD7E76002295DF /* Frameworks */ = {
			isa = PBXFrameworksBuildPhase;
			buildActionMask = 2147483647;
			files = (
			);
			runOnlyForDeploymentPostprocessing = 0;
		};
/* End PBXFrameworksBuildPhase section */

/* Begin PBXGroup section */
		047587C028DD7E76002295DF = {
			isa = PBXGroup;
			children = (
				047587CB28DD7E76002295DF /* CollectionView */,
				047587CA28DD7E76002295DF /* Products */,
			);
			sourceTree = "<group>";
		};
		047587CA28DD7E76002295DF /* Products */ = {
			isa = PBXGroup;
			children = (
				047587C928DD7E76002295DF /* CollectionView.app */,
			);
			name = Products;
			sourceTree = "<group>";
		};
		047587CB28DD7E76002295DF /* CollectionView */ = {
			isa = PBXGroup;
			children = (
				047587EF28DD8864002295DF /* CellFolders */,
				047587E428DD81F5002295DF /* Views */,
				047587E028DD7E8F002295DF /* Support files */,
				047587E128DD7EB0002295DF /* ViewControllers */,
				047587D228DD7E76002295DF /* Main.storyboard */,
				047587D528DD7E77002295DF /* Assets.xcassets */,
				047587D728DD7E77002295DF /* LaunchScreen.storyboard */,
				047587DA28DD7E77002295DF /* Info.plist */,
			);
			path = CollectionView;
			sourceTree = "<group>";
		};
		047587E028DD7E8F002295DF /* Support files */ = {
			isa = PBXGroup;
			children = (
				047587CC28DD7E76002295DF /* AppDelegate.swift */,
				047587CE28DD7E76002295DF /* SceneDelegate.swift */,
			);
			path = "Support files";
			sourceTree = "<group>";
		};
		047587E128DD7EB0002295DF /* ViewControllers */ = {
			isa = PBXGroup;
			children = (
				047587E228DD802B002295DF /* MainCollectionVC.swift */,
				047587E928DD8307002295DF /* ListAnimeTableVC.swift */,
				047587F428E04271002295DF /* ImagesCollectionVC.swift */,
				047587F628E04FC7002295DF /* ImageVC.swift */,
				04B6951D28E46A5700F0EFBF /* DetailsViewController.swift */,
			);
			path = ViewControllers;
			sourceTree = "<group>";
		};
		047587E428DD81F5002295DF /* Views */ = {
			isa = PBXGroup;
			children = (
				047587E528DD821F002295DF /* AnimeModel.swift */,
				047587F228E0343B002295DF /* GhibliModel.swift */,
				047587E728DD8286002295DF /* NetworkManager.swift */,
			);
			path = Views;
			sourceTree = "<group>";
		};
		047587EF28DD8864002295DF /* CellFolders */ = {
			isa = PBXGroup;
			children = (
				047587F028DD88EA002295DF /* MainFirstCell.swift */,
				047587F828E0B8C6002295DF /* AnimeListTVCell.swift */,
				047587FA28E18827002295DF /* ImageCollectionViewCell.swift */,
			);
			path = CellFolders;
			sourceTree = "<group>";
		};
/* End PBXGroup section */

/* Begin PBXNativeTarget section */
		047587C828DD7E76002295DF /* CollectionView */ = {
			isa = PBXNativeTarget;
			buildConfigurationList = 047587DD28DD7E77002295DF /* Build configuration list for PBXNativeTarget "CollectionView" */;
			buildPhases = (
				047587C528DD7E76002295DF /* Sources */,
				047587C628DD7E76002295DF /* Frameworks */,
				047587C728DD7E76002295DF /* Resources */,
			);
			buildRules = (
			);
			dependencies = (
			);
			name = CollectionView;
			productName = CollectionView;
			productReference = 047587C928DD7E76002295DF /* CollectionView.app */;
			productType = "com.apple.product-type.application";
		};
/* End PBXNativeTarget section */

/* Begin PBXProject section */
		047587C128DD7E76002295DF /* Project object */ = {
			isa = PBXProject;
			attributes = {
				BuildIndependentTargetsInParallel = 1;
				LastSwiftUpdateCheck = 1340;
				LastUpgradeCheck = 1340;
				TargetAttributes = {
					047587C828DD7E76002295DF = {
						CreatedOnToolsVersion = 13.4.1;
					};
				};
			};
			buildConfigurationList = 047587C428DD7E76002295DF /* Build configuration list for PBXProject "CollectionView" */;
			compatibilityVersion = "Xcode 13.0";
			developmentRegion = en;
			hasScannedForEncodings = 0;
			knownRegions = (
				en,
				Base,
			);
			mainGroup = 047587C028DD7E76002295DF;
			productRefGroup = 047587CA28DD7E76002295DF /* Products */;
			projectDirPath = "";
			projectRoot = "";
			targets = (
				047587C828DD7E76002295DF /* CollectionView */,
			);
		};
/* End PBXProject section */

/* Begin PBXResourcesBuildPhase section */
		047587C728DD7E76002295DF /* Resources */ = {
			isa = PBXResourcesBuildPhase;
			buildActionMask = 2147483647;
			files = (
				047587D928DD7E77002295DF /* LaunchScreen.storyboard in Resources */,
				047587D628DD7E77002295DF /* Assets.xcassets in Resources */,
				047587D428DD7E76002295DF /* Main.storyboard in Resources */,
			);
			runOnlyForDeploymentPostprocessing = 0;
		};
/* End PBXResourcesBuildPhase section */

/* Begin PBXSourcesBuildPhase section */
		047587C528DD7E76002295DF /* Sources */ = {
			isa = PBXSourcesBuildPhase;
			buildActionMask = 2147483647;
			files = (
				047587F128DD88EA002295DF /* MainFirstCell.swift in Sources */,
				047587E628DD821F002295DF /* AnimeModel.swift in Sources */,
				047587F728E04FC7002295DF /* ImageVC.swift in Sources */,
				047587CD28DD7E76002295DF /* AppDelegate.swift in Sources */,
				047587FB28E18827002295DF /* ImageCollectionViewCell.swift in Sources */,
				047587E828DD8286002295DF /* NetworkManager.swift in Sources */,
				047587F528E04271002295DF /* ImagesCollectionVC.swift in Sources */,
				047587F328E0343B002295DF /* GhibliModel.swift in Sources */,
				047587E328DD802B002295DF /* MainCollectionVC.swift in Sources */,
				047587CF28DD7E76002295DF /* SceneDelegate.swift in Sources */,
				047587EA28DD8307002295DF /* ListAnimeTableVC.swift in Sources */,
				04B6951E28E46A5700F0EFBF /* DetailsViewController.swift in Sources */,
				047587F928E0B8C6002295DF /* AnimeListTVCell.swift in Sources */,
			);
			runOnlyForDeploymentPostprocessing = 0;
		};
/* End PBXSourcesBuildPhase section */

/* Begin PBXVariantGroup section */
		047587D228DD7E76002295DF /* Main.storyboard */ = {
			isa = PBXVariantGroup;
			children = (
				047587D328DD7E76002295DF /* Base */,
			);
			name = Main.storyboard;
			sourceTree = "<group>";
		};
		047587D728DD7E77002295DF /* LaunchScreen.storyboard */ = {
			isa = PBXVariantGroup;
			children = (
				047587D828DD7E77002295DF /* Base */,
			);
			name = LaunchScreen.storyboard;
			sourceTree = "<group>";
		};
/* End PBXVariantGroup section */

/* Begin XCBuildConfiguration section */
		047587DB28DD7E77002295DF /* Debug */ = {
			isa = XCBuildConfiguration;
			buildSettings = {
				ALWAYS_SEARCH_USER_PATHS = NO;
				CLANG_ANALYZER_NONNULL = YES;
				CLANG_ANALYZER_NUMBER_OBJECT_CONVERSION = YES_AGGRESSIVE;
				CLANG_CXX_LANGUAGE_STANDARD = "gnu++17";
				CLANG_ENABLE_MODULES = YES;
				CLANG_ENABLE_OBJC_ARC = YES;
				CLANG_ENABLE_OBJC_WEAK = YES;
				CLANG_WARN_BLOCK_CAPTURE_AUTORELEASING = YES;
				CLANG_WARN_BOOL_CONVERSION = YES;
				CLANG_WARN_COMMA = YES;
				CLANG_WARN_CONSTANT_CONVERSION = YES;
				CLANG_WARN_DEPRECATED_OBJC_IMPLEMENTATIONS = YES;
				CLANG_WARN_DIRECT_OBJC_ISA_USAGE = YES_ERROR;
				CLANG_WARN_DOCUMENTATION_COMMENTS = YES;
				CLANG_WARN_EMPTY_BODY = YES;
				CLANG_WARN_ENUM_CONVERSION = YES;
				CLANG_WARN_INFINITE_RECURSION = YES;
				CLANG_WARN_INT_CONVERSION = YES;
				CLANG_WARN_NON_LITERAL_NULL_CONVERSION = YES;
				CLANG_WARN_OBJC_IMPLICIT_RETAIN_SELF = YES;
				CLANG_WARN_OBJC_LITERAL_CONVERSION = YES;
				CLANG_WARN_OBJC_ROOT_CLASS = YES_ERROR;
				CLANG_WARN_QUOTED_INCLUDE_IN_FRAMEWORK_HEADER = YES;
				CLANG_WARN_RANGE_LOOP_ANALYSIS = YES;
				CLANG_WARN_STRICT_PROTOTYPES = YES;
				CLANG_WARN_SUSPICIOUS_MOVE = YES;
				CLANG_WARN_UNGUARDED_AVAILABILITY = YES_AGGRESSIVE;
				CLANG_WARN_UNREACHABLE_CODE = YES;
				CLANG_WARN__DUPLICATE_METHOD_MATCH = YES;
				COPY_PHASE_STRIP = NO;
				DEBUG_INFORMATION_FORMAT = dwarf;
				ENABLE_STRICT_OBJC_MSGSEND = YES;
				ENABLE_TESTABILITY = YES;
				GCC_C_LANGUAGE_STANDARD = gnu11;
				GCC_DYNAMIC_NO_PIC = NO;
				GCC_NO_COMMON_BLOCKS = YES;
				GCC_OPTIMIZATION_LEVEL = 0;
				GCC_PREPROCESSOR_DEFINITIONS = (
					"DEBUG=1",
					"$(inherited)",
				);
				GCC_WARN_64_TO_32_BIT_CONVERSION = YES;
				GCC_WARN_ABOUT_RETURN_TYPE = YES_ERROR;
				GCC_WARN_UNDECLARED_SELECTOR = YES;
				GCC_WARN_UNINITIALIZED_AUTOS = YES_AGGRESSIVE;
				GCC_WARN_UNUSED_FUNCTION = YES;
				GCC_WARN_UNUSED_VARIABLE = YES;
				IPHONEOS_DEPLOYMENT_TARGET = 15.5;
				MTL_ENABLE_DEBUG_INFO = INCLUDE_SOURCE;
				MTL_FAST_MATH = YES;
				ONLY_ACTIVE_ARCH = YES;
				SDKROOT = iphoneos;
				SWIFT_ACTIVE_COMPILATION_CONDITIONS = DEBUG;
				SWIFT_OPTIMIZATION_LEVEL = "-Onone";
			};
			name = Debug;
		};
		047587DC28DD7E77002295DF /* Release */ = {
			isa = XCBuildConfiguration;
			buildSettings = {
				ALWAYS_SEARCH_USER_PATHS = NO;
				CLANG_ANALYZER_NONNULL = YES;
				CLANG_ANALYZER_NUMBER_OBJECT_CONVERSION = YES_AGGRESSIVE;
				CLANG_CXX_LANGUAGE_STANDARD = "gnu++17";
				CLANG_ENABLE_MODULES = YES;
				CLANG_ENABLE_OBJC_ARC = YES;
				CLANG_ENABLE_OBJC_WEAK = YES;
				CLANG_WARN_BLOCK_CAPTURE_AUTORELEASING = YES;
				CLANG_WARN_BOOL_CONVERSION = YES;
				CLANG_WARN_COMMA = YES;
				CLANG_WARN_CONSTANT_CONVERSION = YES;
				CLANG_WARN_DEPRECATED_OBJC_IMPLEMENTATIONS = YES;
				CLANG_WARN_DIRECT_OBJC_ISA_USAGE = YES_ERROR;
				CLANG_WARN_DOCUMENTATION_COMMENTS = YES;
				CLANG_WARN_EMPTY_BODY = YES;
				CLANG_WARN_ENUM_CONVERSION = YES;
				CLANG_WARN_INFINITE_RECURSION = YES;
				CLANG_WARN_INT_CONVERSION = YES;
				CLANG_WARN_NON_LITERAL_NULL_CONVERSION = YES;
				CLANG_WARN_OBJC_IMPLICIT_RETAIN_SELF = YES;
				CLANG_WARN_OBJC_LITERAL_CONVERSION = YES;
				CLANG_WARN_OBJC_ROOT_CLASS = YES_ERROR;
				CLANG_WARN_QUOTED_INCLUDE_IN_FRAMEWORK_HEADER = YES;
				CLANG_WARN_RANGE_LOOP_ANALYSIS = YES;
				CLANG_WARN_STRICT_PROTOTYPES = YES;
				CLANG_WARN_SUSPICIOUS_MOVE = YES;
				CLANG_WARN_UNGUARDED_AVAILABILITY = YES_AGGRESSIVE;
				CLANG_WARN_UNREACHABLE_CODE = YES;
				CLANG_WARN__DUPLICATE_METHOD_MATCH = YES;
				COPY_PHASE_STRIP = NO;
				DEBUG_INFORMATION_FORMAT = "dwarf-with-dsym";
				ENABLE_NS_ASSERTIONS = NO;
				ENABLE_STRICT_OBJC_MSGSEND = YES;
				GCC_C_LANGUAGE_STANDARD = gnu11;
				GCC_NO_COMMON_BLOCKS = YES;
				GCC_WARN_64_TO_32_BIT_CONVERSION = YES;
				GCC_WARN_ABOUT_RETURN_TYPE = YES_ERROR;
				GCC_WARN_UNDECLARED_SELECTOR = YES;
				GCC_WARN_UNINITIALIZED_AUTOS = YES_AGGRESSIVE;
				GCC_WARN_UNUSED_FUNCTION = YES;
				GCC_WARN_UNUSED_VARIABLE = YES;
				IPHONEOS_DEPLOYMENT_TARGET = 15.5;
				MTL_ENABLE_DEBUG_INFO = NO;
				MTL_FAST_MATH = YES;
				SDKROOT = iphoneos;
				SWIFT_COMPILATION_MODE = wholemodule;
				SWIFT_OPTIMIZATION_LEVEL = "-O";
				VALIDATE_PRODUCT = YES;
			};
			name = Release;
		};
		047587DE28DD7E77002295DF /* Debug */ = {
			isa = XCBuildConfiguration;
			buildSettings = {
				ASSETCATALOG_COMPILER_APPICON_NAME = AppIcon;
				ASSETCATALOG_COMPILER_GLOBAL_ACCENT_COLOR_NAME = AccentColor;
				CODE_SIGN_STYLE = Automatic;
				CURRENT_PROJECT_VERSION = 1;
				DEVELOPMENT_TEAM = T48R4M2Q47;
				GENERATE_INFOPLIST_FILE = YES;
				INFOPLIST_FILE = CollectionView/Info.plist;
				INFOPLIST_KEY_UIApplicationSupportsIndirectInputEvents = YES;
				INFOPLIST_KEY_UILaunchStoryboardName = LaunchScreen;
				INFOPLIST_KEY_UIMainStoryboardFile = Main;
				INFOPLIST_KEY_UISupportedInterfaceOrientations_iPad = "UIInterfaceOrientationPortrait UIInterfaceOrientationPortraitUpsideDown UIInterfaceOrientationLandscapeLeft UIInterfaceOrientationLandscapeRight";
				INFOPLIST_KEY_UISupportedInterfaceOrientations_iPhone = "UIInterfaceOrientationPortrait UIInterfaceOrientationLandscapeLeft UIInterfaceOrientationLandscapeRight";
				LD_RUNPATH_SEARCH_PATHS = (
					"$(inherited)",
					"@executable_path/Frameworks",
				);
				MARKETING_VERSION = 1.0;
				PRODUCT_BUNDLE_IDENTIFIER = "Albina-Petrenko.CollectionView";
				PRODUCT_NAME = "$(TARGET_NAME)";
				SWIFT_EMIT_LOC_STRINGS = YES;
				SWIFT_VERSION = 5.0;
				TARGETED_DEVICE_FAMILY = "1,2";
			};
			name = Debug;
		};
		047587DF28DD7E77002295DF /* Release */ = {
			isa = XCBuildConfiguration;
			buildSettings = {
				ASSETCATALOG_COMPILER_APPICON_NAME = AppIcon;
				ASSETCATALOG_COMPILER_GLOBAL_ACCENT_COLOR_NAME = AccentColor;
				CODE_SIGN_STYLE = Automatic;
				CURRENT_PROJECT_VERSION = 1;
				DEVELOPMENT_TEAM = T48R4M2Q47;
				GENERATE_INFOPLIST_FILE = YES;
				INFOPLIST_FILE = CollectionView/Info.plist;
				INFOPLIST_KEY_UIApplicationSupportsIndirectInputEvents = YES;
				INFOPLIST_KEY_UILaunchStoryboardName = LaunchScreen;
				INFOPLIST_KEY_UIMainStoryboardFile = Main;
				INFOPLIST_KEY_UISupportedInterfaceOrientations_iPad = "UIInterfaceOrientationPortrait UIInterfaceOrientationPortraitUpsideDown UIInterfaceOrientationLandscapeLeft UIInterfaceOrientationLandscapeRight";
				INFOPLIST_KEY_UISupportedInterfaceOrientations_iPhone = "UIInterfaceOrientationPortrait UIInterfaceOrientationLandscapeLeft UIInterfaceOrientationLandscapeRight";
				LD_RUNPATH_SEARCH_PATHS = (
					"$(inherited)",
					"@executable_path/Frameworks",
				);
				MARKETING_VERSION = 1.0;
				PRODUCT_BUNDLE_IDENTIFIER = "Albina-Petrenko.CollectionView";
				PRODUCT_NAME = "$(TARGET_NAME)";
				SWIFT_EMIT_LOC_STRINGS = YES;
				SWIFT_VERSION = 5.0;
				TARGETED_DEVICE_FAMILY = "1,2";
			};
			name = Release;
		};
/* End XCBuildConfiguration section */

/* Begin XCConfigurationList section */
		047587C428DD7E76002295DF /* Build configuration list for PBXProject "CollectionView" */ = {
			isa = XCConfigurationList;
			buildConfigurations = (
				047587DB28DD7E77002295DF /* Debug */,
				047587DC28DD7E77002295DF /* Release */,
			);
			defaultConfigurationIsVisible = 0;
			defaultConfigurationName = Release;
		};
		047587DD28DD7E77002295DF /* Build configuration list for PBXNativeTarget "CollectionView" */ = {
			isa = XCConfigurationList;
			buildConfigurations = (
				047587DE28DD7E77002295DF /* Debug */,
				047587DF28DD7E77002295DF /* Release */,
			);
			defaultConfigurationIsVisible = 0;
			defaultConfigurationName = Release;
		};
/* End XCConfigurationList section */
	};
	rootObject = 047587C128DD7E76002295DF /* Project object */;
}
